
Microsoft Visual Studio Solution File, Format Version 12.00
# Visual Studio Version 17
VisualStudioVersion = 17.3.32929.385
MinimumVisualStudioVersion = 10.0.40219.1
Project("{FAE04EC0-301F-11D3-BF4B-00C04F79EFBC}") = "demo", "demo.csproj", "{4DC2E0C5-1815-4C05-9AE2-72C69AAFF41B}"
EndProject
Global
	GlobalSection(SolutionConfigurationPlatforms) = preSolution
		Debug|Any CPU = Debug|Any CPU
		Release|Any CPU = Release|Any CPU
	EndGlobalSection
	GlobalSection(ProjectConfigurationPlatforms) = postSolution
		{4DC2E0C5-1815-4C05-9AE2-72C69AAFF41B}.Debug|Any CPU.ActiveCfg = Debug|Any CPU
		{4DC2E0C5-1815-4C05-9AE2-72C69AAFF41B}.Debug|Any CPU.Build.0 = Debug|Any CPU
		{4DC2E0C5-1815-4C05-9AE2-72C69AAFF41B}.Release|Any CPU.ActiveCfg = Release|Any CPU
		{4DC2E0C5-1815-4C05-9AE2-72C69AAFF41B}.Release|Any CPU.Build.0 = Release|Any CPU
	EndGlobalSection
	GlobalSection(SolutionProperties) = preSolution
		HideSolutionNode = FALSE
	EndGlobalSection
	GlobalSection(ExtensibilityGlobals) = postSolution
		SolutionGuid = {44D181C3-D394-4503-87E8-06E7B5A5C225}
	EndGlobalSection
EndGlobal
